// !$*UTF8*$!
{
	archiveVersion = 1;
	classes = {
	};
	objectVersion = 50;
	objects = {

/* Begin PBXBuildFile section */
		4C22C627213ECF4D00FA9E56 /* AppDelegate.m in Sources */ = {isa = PBXBuildFile; fileRef = 4C22C626213ECF4D00FA9E56 /* AppDelegate.m */; };
		4C22C62A213ECF4D00FA9E56 /* ViewController.m in Sources */ = {isa = PBXBuildFile; fileRef = 4C22C629213ECF4D00FA9E56 /* ViewController.m */; };
		4C22C62D213ECF4D00FA9E56 /* Main.storyboard in Resources */ = {isa = PBXBuildFile; fileRef = 4C22C62B213ECF4D00FA9E56 /* Main.storyboard */; };
		4C22C62F213ECF4F00FA9E56 /* Assets.xcassets in Resources */ = {isa = PBXBuildFile; fileRef = 4C22C62E213ECF4F00FA9E56 /* Assets.xcassets */; };
		4C22C632213ECF4F00FA9E56 /* LaunchScreen.storyboard in Resources */ = {isa = PBXBuildFile; fileRef = 4C22C630213ECF4F00FA9E56 /* LaunchScreen.storyboard */; };
		4C22C635213ECF4F00FA9E56 /* main.m in Sources */ = {isa = PBXBuildFile; fileRef = 4C22C634213ECF4F00FA9E56 /* main.m */; };
		4C22C63D213ECF5C00FA9E56 /* TYPerson.m in Sources */ = {isa = PBXBuildFile; fileRef = 4C22C63C213ECF5C00FA9E56 /* TYPerson.m */; };
/* End PBXBuildFile section */

/* Begin PBXFileReference section */
		4C22C622213ECF4D00FA9E56 /* TYBlockTest.app */ = {isa = PBXFileReference; explicitFileType = wrapper.application; includeInIndex = 0; path = TYBlockTest.app; sourceTree = BUILT_PRODUCTS_DIR; };
		4C22C625213ECF4D00FA9E56 /* AppDelegate.h */ = {isa = PBXFileReference; lastKnownFileType = sourcecode.c.h; path = AppDelegate.h; sourceTree = "<group>"; };
		4C22C626213ECF4D00FA9E56 /* AppDelegate.m */ = {isa = PBXFileReference; lastKnownFileType = sourcecode.c.objc; path = AppDelegate.m; sourceTree = "<group>"; };
		4C22C628213ECF4D00FA9E56 /* ViewController.h */ = {isa = PBXFileReference; lastKnownFileType = sourcecode.c.h; path = ViewController.h; sourceTree = "<group>"; };
		4C22C629213ECF4D00FA9E56 /* ViewController.m */ = {isa = PBXFileReference; lastKnownFileType = sourcecode.c.objc; path = ViewController.m; sourceTree = "<group>"; };
		4C22C62C213ECF4D00FA9E56 /* Base */ = {isa = PBXFileReference; lastKnownFileType = file.storyboard; name = Base; path = Base.lproj/Main.storyboard; sourceTree = "<group>"; };
		4C22C62E213ECF4F00FA9E56 /* Assets.xcassets */ = {isa = PBXFileReference; lastKnownFileType = folder.assetcatalog; path = Assets.xcassets; sourceTree = "<group>"; };
		4C22C631213ECF4F00FA9E56 /* Base */ = {isa = PBXFileReference; lastKnownFileType = file.storyboard; name = Base; path = Base.lproj/LaunchScreen.storyboard; sourceTree = "<group>"; };
		4C22C633213ECF4F00FA9E56 /* Info.plist */ = {isa = PBXFileReference; lastKnownFileType = text.plist.xml; path = Info.plist; sourceTree = "<group>"; };
		4C22C634213ECF4F00FA9E56 /* main.m */ = {isa = PBXFileReference; lastKnownFileType = sourcecode.c.objc; path = main.m; sourceTree = "<group>"; };
		4C22C63B213ECF5C00FA9E56 /* TYPerson.h */ = {isa = PBXFileReference; lastKnownFileType = sourcecode.c.h; path = TYPerson.h; sourceTree = "<group>"; };
		4C22C63C213ECF5C00FA9E56 /* TYPerson.m */ = {isa = PBXFileReference; lastKnownFileType = sourcecode.c.objc; path = TYPerson.m; sourceTree = "<group>"; };
/* End PBXFileReference section */

/* Begin PBXFrameworksBuildPhase section */
		4C22C61F213ECF4D00FA9E56 /* Frameworks */ = {
			isa = PBXFrameworksBuildPhase;
			buildActionMask = 2147483647;
			files = (
			);
			runOnlyForDeploymentPostprocessing = 0;
		};
/* End PBXFrameworksBuildPhase section */

/* Begin PBXGroup section */
		4C22C619213ECF4D00FA9E56 = {
			isa = PBXGroup;
			children = (
				4C22C624213ECF4D00FA9E56 /* TYBlockTest */,
				4C22C623213ECF4D00FA9E56 /* Products */,
			);
			sourceTree = "<group>";
		};
		4C22C623213ECF4D00FA9E56 /* Products */ = {
			isa = PBXGroup;
			children = (
				4C22C622213ECF4D00FA9E56 /* TYBlockTest.app */,
			);
			name = Products;
			sourceTree = "<group>";
		};
		4C22C624213ECF4D00FA9E56 /* TYBlockTest */ = {
			isa = PBXGroup;
			children = (
				4C22C625213ECF4D00FA9E56 /* AppDelegate.h */,
				4C22C626213ECF4D00FA9E56 /* AppDelegate.m */,
				4C22C628213ECF4D00FA9E56 /* ViewController.h */,
				4C22C629213ECF4D00FA9E56 /* ViewController.m */,
				4C22C63B213ECF5C00FA9E56 /* TYPerson.h */,
				4C22C63C213ECF5C00FA9E56 /* TYPerson.m */,
				4C22C62B213ECF4D00FA9E56 /* Main.storyboard */,
				4C22C62E213ECF4F00FA9E56 /* Assets.xcassets */,
				4C22C630213ECF4F00FA9E56 /* LaunchScreen.storyboard */,
				4C22C633213ECF4F00FA9E56 /* Info.plist */,
				4C22C634213ECF4F00FA9E56 /* main.m */,
			);
			path = TYBlockTest;
			sourceTree = "<group>";
		};
/* End PBXGroup section */

/* Begin PBXNativeTarget section */
		4C22C621213ECF4D00FA9E56 /* TYBlockTest */ = {
			isa = PBXNativeTarget;
			buildConfigurationList = 4C22C638213ECF4F00FA9E56 /* Build configuration list for PBXNativeTarget "TYBlockTest" */;
			buildPhases = (
				4C22C61E213ECF4D00FA9E56 /* Sources */,
				4C22C61F213ECF4D00FA9E56 /* Frameworks */,
				4C22C620213ECF4D00FA9E56 /* Resources */,
			);
			buildRules = (
			);
			dependencies = (
			);
			name = TYBlockTest;
			productName = TYBlockTest;
			productReference = 4C22C622213ECF4D00FA9E56 /* TYBlockTest.app */;
			productType = "com.apple.product-type.application";
		};
/* End PBXNativeTarget section */

/* Begin PBXProject section */
		4C22C61A213ECF4D00FA9E56 /* Project object */ = {
			isa = PBXProject;
			attributes = {
				LastUpgradeCheck = 0940;
				ORGANIZATIONNAME = Maty;
				TargetAttributes = {
					4C22C621213ECF4D00FA9E56 = {
						CreatedOnToolsVersion = 9.4.1;
					};
				};
			};
			buildConfigurationList = 4C22C61D213ECF4D00FA9E56 /* Build configuration list for PBXProject "TYBlockTest" */;
			compatibilityVersion = "Xcode 9.3";
			developmentRegion = en;
			hasScannedForEncodings = 0;
			knownRegions = (
				en,
				Base,
			);
			mainGroup = 4C22C619213ECF4D00FA9E56;
			productRefGroup = 4C22C623213ECF4D00FA9E56 /* Products */;
			projectDirPath = "";
			projectRoot = "";
			targets = (
				4C22C621213ECF4D00FA9E56 /* TYBlockTest */,
			);
		};
/* End PBXProject section */

/* Begin PBXResourcesBuildPhase section */
		4C22C620213ECF4D00FA9E56 /* Resources */ = {
			isa = PBXResourcesBuildPhase;
			buildActionMask = 2147483647;
			files = (
				4C22C632213ECF4F00FA9E56 /* LaunchScreen.storyboard in Resources */,
				4C22C62F213ECF4F00FA9E56 /* Assets.xcassets in Resources */,
				4C22C62D213ECF4D00FA9E56 /* Main.storyboard in Resources */,
			);
			runOnlyForDeploymentPostprocessing = 0;
		};
/* End PBXResourcesBuildPhase section */

/* Begin PBXSourcesBuildPhase section */
		4C22C61E213ECF4D00FA9E56 /* Sources */ = {
			isa = PBXSourcesBuildPhase;
			buildActionMask = 2147483647;
			files = (
				4C22C62A213ECF4D00FA9E56 /* ViewController.m in Sources */,
				4C22C63D213ECF5C00FA9E56 /* TYPerson.m in Sources */,
				4C22C635213ECF4F00FA9E56 /* main.m in Sources */,
				4C22C627213ECF4D00FA9E56 /* AppDelegate.m in Sources */,
			);
			runOnlyForDeploymentPostprocessing = 0;
		};
/* End PBXSourcesBuildPhase section */

/* Begin PBXVariantGroup section */
		4C22C62B213ECF4D00FA9E56 /* Main.storyboard */ = {
			isa = PBXVariantGroup;
			children = (
				4C22C62C213ECF4D00FA9E56 /* Base */,
			);
			name = Main.storyboard;
			sourceTree = "<group>";
		};
		4C22C630213ECF4F00FA9E56 /* LaunchScreen.storyboard */ = {
			isa = PBXVariantGroup;
			children = (
				4C22C631213ECF4F00FA9E56 /* Base */,
			);
			name = LaunchScreen.storyboard;
			sourceTree = "<group>";
		};
/* End PBXVariantGroup section */

/* Begin XCBuildConfiguration section */
		4C22C636213ECF4F00FA9E56 /* Debug */ = {
			isa = XCBuildConfiguration;
			buildSettings = {
				ALWAYS_SEARCH_USER_PATHS = NO;
				CLANG_ANALYZER_NONNULL = YES;
				CLANG_ANALYZER_NUMBER_OBJECT_CONVERSION = YES_AGGRESSIVE;
				CLANG_CXX_LANGUAGE_STANDARD = "gnu++14";
				CLANG_CXX_LIBRARY = "libc++";
				CLANG_ENABLE_MODULES = YES;
				CLANG_ENABLE_OBJC_ARC = YES;
				CLANG_ENABLE_OBJC_WEAK = YES;
				CLANG_WARN_BLOCK_CAPTURE_AUTORELEASING = YES;
				CLANG_WARN_BOOL_CONVERSION = YES;
				CLANG_WARN_COMMA = YES;
				CLANG_WARN_CONSTANT_CONVERSION = YES;
				CLANG_WARN_DEPRECATED_OBJC_IMPLEMENTATIONS = YES;
				CLANG_WARN_DIRECT_OBJC_ISA_USAGE = YES_ERROR;
				CLANG_WARN_DOCUMENTATION_COMMENTS = YES;
				CLANG_WARN_EMPTY_BODY = YES;
				CLANG_WARN_ENUM_CONVERSION = YES;
				CLANG_WARN_INFINITE_RECURSION = YES;
				CLANG_WARN_INT_CONVERSION = YES;
				CLANG_WARN_NON_LITERAL_NULL_CONVERSION = YES;
				CLANG_WARN_OBJC_IMPLICIT_RETAIN_SELF = YES;
				CLANG_WARN_OBJC_LITERAL_CONVERSION = YES;
				CLANG_WARN_OBJC_ROOT_CLASS = YES_ERROR;
				CLANG_WARN_RANGE_LOOP_ANALYSIS = YES;
				CLANG_WARN_STRICT_PROTOTYPES = YES;
				CLANG_WARN_SUSPICIOUS_MOVE = YES;
				CLANG_WARN_UNGUARDED_AVAILABILITY = YES_AGGRESSIVE;
				CLANG_WARN_UNREACHABLE_CODE = YES;
				CLANG_WARN__DUPLICATE_METHOD_MATCH = YES;
				CODE_SIGN_IDENTITY = "iPhone Developer";
				COPY_PHASE_STRIP = NO;
				DEBUG_INFORMATION_FORMAT = dwarf;
				ENABLE_STRICT_OBJC_MSGSEND = YES;
				ENABLE_TESTABILITY = YES;
				GCC_C_LANGUAGE_STANDARD = gnu11;
				GCC_DYNAMIC_NO_PIC = NO;
				GCC_NO_COMMON_BLOCKS = YES;
				GCC_OPTIMIZATION_LEVEL = 0;
				GCC_PREPROCESSOR_DEFINITIONS = (
					"DEBUG=1",
					"$(inherited)",
				);
				GCC_WARN_64_TO_32_BIT_CONVERSION = YES;
				GCC_WARN_ABOUT_RETURN_TYPE = YES_ERROR;
				GCC_WARN_UNDECLARED_SELECTOR = YES;
				GCC_WARN_UNINITIALIZED_AUTOS = YES_AGGRESSIVE;
				GCC_WARN_UNUSED_FUNCTION = YES;
				GCC_WARN_UNUSED_VARIABLE = YES;
				IPHONEOS_DEPLOYMENT_TARGET = 11.4;
				MTL_ENABLE_DEBUG_INFO = YES;
				ONLY_ACTIVE_ARCH = YES;
				SDKROOT = iphoneos;
			};
			name = Debug;
		};
		4C22C637213ECF4F00FA9E56 /* Release */ = {
			isa = XCBuildConfiguration;
			buildSettings = {
				ALWAYS_SEARCH_USER_PATHS = NO;
				CLANG_ANALYZER_NONNULL = YES;
				CLANG_ANALYZER_NUMBER_OBJECT_CONVERSION = YES_AGGRESSIVE;
				CLANG_CXX_LANGUAGE_STANDARD = "gnu++14";
				CLANG_CXX_LIBRARY = "libc++";
				CLANG_ENABLE_MODULES = YES;
				CLANG_ENABLE_OBJC_ARC = YES;
				CLANG_ENABLE_OBJC_WEAK = YES;
				CLANG_WARN_BLOCK_CAPTURE_AUTORELEASING = YES;
				CLANG_WARN_BOOL_CONVERSION = YES;
				CLANG_WARN_COMMA = YES;
				CLANG_WARN_CONSTANT_CONVERSION = YES;
				CLANG_WARN_DEPRECATED_OBJC_IMPLEMENTATIONS = YES;
				CLANG_WARN_DIRECT_OBJC_ISA_USAGE = YES_ERROR;
				CLANG_WARN_DOCUMENTATION_COMMENTS = YES;
				CLANG_WARN_EMPTY_BODY = YES;
				CLANG_WARN_ENUM_CONVERSION = YES;
				CLANG_WARN_INFINITE_RECURSION = YES;
				CLANG_WARN_INT_CONVERSION = YES;
				CLANG_WARN_NON_LITERAL_NULL_CONVERSION = YES;
				CLANG_WARN_OBJC_IMPLICIT_RETAIN_SELF = YES;
				CLANG_WARN_OBJC_LITERAL_CONVERSION = YES;
				CLANG_WARN_OBJC_ROOT_CLASS = YES_ERROR;
				CLANG_WARN_RANGE_LOOP_ANALYSIS = YES;
				CLANG_WARN_STRICT_PROTOTYPES = YES;
				CLANG_WARN_SUSPICIOUS_MOVE = YES;
				CLANG_WARN_UNGUARDED_AVAILABILITY = YES_AGGRESSIVE;
				CLANG_WARN_UNREACHABLE_CODE = YES;
				CLANG_WARN__DUPLICATE_METHOD_MATCH = YES;
				CODE_SIGN_IDENTITY = "iPhone Developer";
				COPY_PHASE_STRIP = NO;
				DEBUG_INFORMATION_FORMAT = "dwarf-with-dsym";
				ENABLE_NS_ASSERTIONS = NO;
				ENABLE_STRICT_OBJC_MSGSEND = YES;
				GCC_C_LANGUAGE_STANDARD = gnu11;
				GCC_NO_COMMON_BLOCKS = YES;
				GCC_WARN_64_TO_32_BIT_CONVERSION = YES;
				GCC_WARN_ABOUT_RETURN_TYPE = YES_ERROR;
				GCC_WARN_UNDECLARED_SELECTOR = YES;
				GCC_WARN_UNINITIALIZED_AUTOS = YES_AGGRESSIVE;
				GCC_WARN_UNUSED_FUNCTION = YES;
				GCC_WARN_UNUSED_VARIABLE = YES;
				IPHONEOS_DEPLOYMENT_TARGET = 11.4;
				MTL_ENABLE_DEBUG_INFO = NO;
				SDKROOT = iphoneos;
				VALIDATE_PRODUCT = YES;
			};
			name = Release;
		};
		4C22C639213ECF4F00FA9E56 /* Debug */ = {
			isa = XCBuildConfiguration;
			buildSettings = {
				ASSETCATALOG_COMPILER_APPICON_NAME = AppIcon;
				CODE_SIGN_STYLE = Automatic;
				DEVELOPMENT_TEAM = JJGBDF7PM8;
				INFOPLIST_FILE = TYBlockTest/Info.plist;
				LD_RUNPATH_SEARCH_PATHS = (
					"$(inherited)",
					"@executable_path/Frameworks",
				);
				PRODUCT_BUNDLE_IDENTIFIER = com.maty.TYBlockTest;
				PRODUCT_NAME = "$(TARGET_NAME)";
				TARGETED_DEVICE_FAMILY = "1,2";
			};
			name = Debug;
		};
		4C22C63A213ECF4F00FA9E56 /* Release */ = {
			isa = XCBuildConfiguration;
			buildSettings = {
				ASSETCATALOG_COMPILER_APPICON_NAME = AppIcon;
				CODE_SIGN_STYLE = Automatic;
				DEVELOPMENT_TEAM = JJGBDF7PM8;
				INFOPLIST_FILE = TYBlockTest/Info.plist;
				LD_RUNPATH_SEARCH_PATHS = (
					"$(inherited)",
					"@executable_path/Frameworks",
				);
				PRODUCT_BUNDLE_IDENTIFIER = com.maty.TYBlockTest;
				PRODUCT_NAME = "$(TARGET_NAME)";
				TARGETED_DEVICE_FAMILY = "1,2";
			};
			name = Release;
		};
/* End XCBuildConfiguration section */

/* Begin XCConfigurationList section */
		4C22C61D213ECF4D00FA9E56 /* Build configuration list for PBXProject "TYBlockTest" */ = {
			isa = XCConfigurationList;
			buildConfigurations = (
				4C22C636213ECF4F00FA9E56 /* Debug */,
				4C22C637213ECF4F00FA9E56 /* Release */,
			);
			defaultConfigurationIsVisible = 0;
			defaultConfigurationName = Release;
		};
		4C22C638213ECF4F00FA9E56 /* Build configuration list for PBXNativeTarget "TYBlockTest" */ = {
			isa = XCConfigurationList;
			buildConfigurations = (
				4C22C639213ECF4F00FA9E56 /* Debug */,
				4C22C63A213ECF4F00FA9E56 /* Release */,
			);
			defaultConfigurationIsVisible = 0;
			defaultConfigurationName = Release;
		};
/* End XCConfigurationList section */
	};
	rootObject = 4C22C61A213ECF4D00FA9E56 /* Project object */;
}
